
Microsoft Visual Studio Solution File, Format Version 12.00
# Visual Studio Version 16
VisualStudioVersion = 16.0.31025.194
MinimumVisualStudioVersion = 10.0.40219.1
Project("{9A19103F-16F7-4668-BE54-9A1E7A4F7556}") = "TimeTracker.Api", "TimeTracker.Api\TimeTracker.Api.csproj", "{86F0CF7C-AB8B-44BA-AD35-0EED528FE565}"
EndProject
Project("{9A19103F-16F7-4668-BE54-9A1E7A4F7556}") = "TimeTracker.Persistance", "TimeTracker.Persistance\TimeTracker.Persistance.csproj", "{075216FB-790F-4C03-9BC1-C2FD5CEAC6BF}"
EndProject
Project("{9A19103F-16F7-4668-BE54-9A1E7A4F7556}") = "TimeTracker.Domain", "TimeTracker.Domain\TimeTracker.Domain.csproj", "{3803214D-D1F8-4DDE-B310-870CB2097949}"
EndProject
Project("{9A19103F-16F7-4668-BE54-9A1E7A4F7556}") = "TimeTracker.Application", "TimeTracker.Application\TimeTracker.Application.csproj", "{E1F5D41E-AA9E-4EEC-BE3D-15601493A690}"
EndProject
Project("{9A19103F-16F7-4668-BE54-9A1E7A4F7556}") = "TimeTracker.Api.Client", "TimeTracker.Api.Client\TimeTracker.Api.Client.csproj", "{5B212AD6-4895-44FD-AB09-39090D5F92D8}"
EndProject
Global
	GlobalSection(SolutionConfigurationPlatforms) = preSolution
		Debug|Any CPU = Debug|Any CPU
		Release|Any CPU = Release|Any CPU
	EndGlobalSection
	GlobalSection(ProjectConfigurationPlatforms) = postSolution
		{86F0CF7C-AB8B-44BA-AD35-0EED528FE565}.Debug|Any CPU.ActiveCfg = Debug|Any CPU
		{86F0CF7C-AB8B-44BA-AD35-0EED528FE565}.Debug|Any CPU.Build.0 = Debug|Any CPU
		{86F0CF7C-AB8B-44BA-AD35-0EED528FE565}.Release|Any CPU.ActiveCfg = Release|Any CPU
		{86F0CF7C-AB8B-44BA-AD35-0EED528FE565}.Release|Any CPU.Build.0 = Release|Any CPU
		{075216FB-790F-4C03-9BC1-C2FD5CEAC6BF}.Debug|Any CPU.ActiveCfg = Debug|Any CPU
		{075216FB-790F-4C03-9BC1-C2FD5CEAC6BF}.Debug|Any CPU.Build.0 = Debug|Any CPU
		{075216FB-790F-4C03-9BC1-C2FD5CEAC6BF}.Release|Any CPU.ActiveCfg = Release|Any CPU
		{075216FB-790F-4C03-9BC1-C2FD5CEAC6BF}.Release|Any CPU.Build.0 = Release|Any CPU
		{3803214D-D1F8-4DDE-B310-870CB2097949}.Debug|Any CPU.ActiveCfg = Debug|Any CPU
		{3803214D-D1F8-4DDE-B310-870CB2097949}.Debug|Any CPU.Build.0 = Debug|Any CPU
		{3803214D-D1F8-4DDE-B310-870CB2097949}.Release|Any CPU.ActiveCfg = Release|Any CPU
		{3803214D-D1F8-4DDE-B310-870CB2097949}.Release|Any CPU.Build.0 = Release|Any CPU
		{E1F5D41E-AA9E-4EEC-BE3D-15601493A690}.Debug|Any CPU.ActiveCfg = Debug|Any CPU
		{E1F5D41E-AA9E-4EEC-BE3D-15601493A690}.Debug|Any CPU.Build.0 = Debug|Any CPU
		{E1F5D41E-AA9E-4EEC-BE3D-15601493A690}.Release|Any CPU.ActiveCfg = Release|Any CPU
		{E1F5D41E-AA9E-4EEC-BE3D-15601493A690}.Release|Any CPU.Build.0 = Release|Any CPU
		{5B212AD6-4895-44FD-AB09-39090D5F92D8}.Debug|Any CPU.ActiveCfg = Debug|Any CPU
		{5B212AD6-4895-44FD-AB09-39090D5F92D8}.Debug|Any CPU.Build.0 = Debug|Any CPU
		{5B212AD6-4895-44FD-AB09-39090D5F92D8}.Release|Any CPU.ActiveCfg = Release|Any CPU
		{5B212AD6-4895-44FD-AB09-39090D5F92D8}.Release|Any CPU.Build.0 = Release|Any CPU
	EndGlobalSection
	GlobalSection(SolutionProperties) = preSolution
		HideSolutionNode = FALSE
	EndGlobalSection
	GlobalSection(ExtensibilityGlobals) = postSolution
		SolutionGuid = {592B4B6F-A01C-4CE2-8315-1937D695ED69}
	EndGlobalSection
EndGlobal
